
Microsoft Visual Studio Solution File, Format Version 12.00
# Visual Studio 2013
VisualStudioVersion = 12.0.40629.0
MinimumVisualStudioVersion = 10.0.40219.1
Project("{FAE04EC0-301F-11D3-BF4B-00C04F79EFBC}") = "kibiomer app", "kibiomer app\kibiomer app.csproj", "{19364EC7-1CFD-4073-9A4B-6727F36B9623}"
	ProjectSection(ProjectDependencies) = postProject
		{4BF25EC7-563B-419C-AFED-28C8E7BABFCE} = {4BF25EC7-563B-419C-AFED-28C8E7BABFCE}
	EndProjectSection
EndProject
Project("{FAE04EC0-301F-11D3-BF4B-00C04F79EFBC}") = "kibiomerlab", "kibiomerlab\kibiomerlab.csproj", "{4BF25EC7-563B-419C-AFED-28C8E7BABFCE}"
EndProject
Global
	GlobalSection(SolutionConfigurationPlatforms) = preSolution
		Debug|Any CPU = Debug|Any CPU
		Release|Any CPU = Release|Any CPU
	EndGlobalSection
	GlobalSection(ProjectConfigurationPlatforms) = postSolution
		{19364EC7-1CFD-4073-9A4B-6727F36B9623}.Debug|Any CPU.ActiveCfg = Debug|Any CPU
		{19364EC7-1CFD-4073-9A4B-6727F36B9623}.Debug|Any CPU.Build.0 = Debug|Any CPU
		{19364EC7-1CFD-4073-9A4B-6727F36B9623}.Release|Any CPU.ActiveCfg = Release|Any CPU
		{19364EC7-1CFD-4073-9A4B-6727F36B9623}.Release|Any CPU.Build.0 = Release|Any CPU
		{4BF25EC7-563B-419C-AFED-28C8E7BABFCE}.Debug|Any CPU.ActiveCfg = Debug|Any CPU
		{4BF25EC7-563B-419C-AFED-28C8E7BABFCE}.Debug|Any CPU.Build.0 = Debug|Any CPU
		{4BF25EC7-563B-419C-AFED-28C8E7BABFCE}.Release|Any CPU.ActiveCfg = Release|Any CPU
		{4BF25EC7-563B-419C-AFED-28C8E7BABFCE}.Release|Any CPU.Build.0 = Release|Any CPU
	EndGlobalSection
	GlobalSection(SolutionProperties) = preSolution
		HideSolutionNode = FALSE
	EndGlobalSection
EndGlobal
